# This file is automatically @generated by Cargo.
# It is not intended for manual editing.
version = 3

[[package]]
name = "qi_cli"
version = "0.1.0"
dependencies = [
 "qi_core",
 "qi_interactive",
]

[[package]]
name = "qi_core"
version = "0.1.0"

[[package]]
name = "qi_interactive"
version = "0.1.0"
